{
    "name": "electron",
    "version": "0.1.0",
    "lockfileVersion": 1,
    "requires": true,
    "dependencies": {
        "custom-electron-titlebar": {
            "version": "3.0.10",
            "resolved": "https://registry.npmjs.org/custom-electron-titlebar/-/custom-electron-titlebar-3.0.10.tgz",
            "integrity": "sha512-FVKy7P0NpMTkm5rEpETXkJWQ7w9ufdU8TA5xhfiR1Jgnhy6fBaCNUMmXWLrNFrhG69MVvDXM/lLN21Rxaz78Ig=="
        },
        "jquery": {
            "version": "3.4.1",
            "resolved": "https://registry.npmjs.org/jquery/-/jquery-3.4.1.tgz",
            "integrity": "sha512-36+AdBzCL+y6qjw5Tx7HgzeGCzC81MDDgaUP8ld2zhx58HdqXGoBd+tHdrBMiyjGQs0Hxs/MLZTu/eHNJJuWPw=="
        }
    }
}
